
Microsoft Visual Studio Solution File, Format Version 12.00
# Visual Studio Version 16
VisualStudioVersion = 16.0.30204.135
MinimumVisualStudioVersion = 10.0.40219.1
Project("{FAE04EC0-301F-11D3-BF4B-00C04F79EFBC}") = "TestGitActions", "TestGitActions\TestGitActions.csproj", "{3675DD94-F499-4670-B600-AAA76AF3D493}"
EndProject
Global
	GlobalSection(SolutionConfigurationPlatforms) = preSolution
		Debug|Any CPU = Debug|Any CPU
		Release|Any CPU = Release|Any CPU
	EndGlobalSection
	GlobalSection(ProjectConfigurationPlatforms) = postSolution
		{3675DD94-F499-4670-B600-AAA76AF3D493}.Debug|Any CPU.ActiveCfg = Debug|Any CPU
		{3675DD94-F499-4670-B600-AAA76AF3D493}.Debug|Any CPU.Build.0 = Debug|Any CPU
		{3675DD94-F499-4670-B600-AAA76AF3D493}.Release|Any CPU.ActiveCfg = Release|Any CPU
		{3675DD94-F499-4670-B600-AAA76AF3D493}.Release|Any CPU.Build.0 = Release|Any CPU
	EndGlobalSection
	GlobalSection(SolutionProperties) = preSolution
		HideSolutionNode = FALSE
	EndGlobalSection
	GlobalSection(ExtensibilityGlobals) = postSolution
		SolutionGuid = {DFD4D0E3-504C-4051-B9F0-960CFBA79AA4}
	EndGlobalSection
EndGlobal
